// !$*UTF8*$!
{
	archiveVersion = 1;
	classes = {
	};
	objectVersion = 77;
	objects = {

/* Begin PBXBuildFile section */
		D9AF186D3024C0DD00C39DB7 /* MainTabView.swift in Sources */ = {isa = PBXBuildFile; fileRef = D9AF186A3024C0DD00C39DB7 /* MainTabView.swift */; };
		D9AF186E3024C0DD00C39DB7 /* SmartKondateApp.swift in Sources */ = {isa = PBXBuildFile; fileRef = D9AF186B3024C0DD00C39DB7 /* SmartKondateApp.swift */; };
		D9AF186F3024C0DD00C39DB7 /* Assets.xcassets in Resources */ = {isa = PBXBuildFile; fileRef = D9AF18693024C0DD00C39DB7 /* Assets.xcassets */; };
		D9AF18773024C26B00C39DB7 /* WidgetKit.framework in Frameworks */ = {isa = PBXBuildFile; fileRef = D9AF18763024C26B00C39DB7 /* WidgetKit.framework */; };
		D9AF18793024C26B00C39DB7 /* SwiftUI.framework in Frameworks */ = {isa = PBXBuildFile; fileRef = D9AF18783024C26B00C39DB7 /* SwiftUI.framework */; };
		D9AF18843024C26C00C39DB7 /* SmartKondateWidgetExtension.appex in Embed Foundation Extensions */ = {isa = PBXBuildFile; fileRef = D9AF18743024C26B00C39DB7 /* SmartKondateWidgetExtension.appex */; settings = {ATTRIBUTES = (RemoveHeadersOnCopy, ); }; };
		D9AF188F3024C28800C39DB7 /* SmartKondateWidget.swift in Sources */ = {isa = PBXBuildFile; fileRef = D9AF188C3024C28800C39DB7 /* SmartKondateWidget.swift */; };
		D9AF18903024C28800C39DB7 /* SmartKondateWidgetBundle.swift in Sources */ = {isa = PBXBuildFile; fileRef = D9AF188D3024C28800C39DB7 /* SmartKondateWidgetBundle.swift */; };
		D9AF18913024C28800C39DB7 /* Assets.xcassets in Resources */ = {isa = PBXBuildFile; fileRef = D9AF188A3024C28800C39DB7 /* Assets.xcassets */; };
		D9AF18973024C60000C39DB7 /* AppDelegate.swift in Sources */ = {isa = PBXBuildFile; fileRef = D9AF18963024C60000C39DB7 /* AppDelegate.swift */; };
		D9AF18A23024C6DA00C39DB7 /* DashboardView.swift in Sources */ = {isa = PBXBuildFile; fileRef = D9AF18A13024C6DA00C39DB7 /* DashboardView.swift */; };
		D9AF18A43024C6E900C39DB7 /* MealCardView.swift in Sources */ = {isa = PBXBuildFile; fileRef = D9AF18A33024C6E900C39DB7 /* MealCardView.swift */; };
		D9AF18A63024C6F500C39DB7 /* PatternListView.swift in Sources */ = {isa = PBXBuildFile; fileRef = D9AF18A53024C6F500C39DB7 /* PatternListView.swift */; };
		D9AF18A83024C70000C39DB7 /* PatternDetailView.swift in Sources */ = {isa = PBXBuildFile; fileRef = D9AF18A73024C70000C39DB7 /* PatternDetailView.swift */; };
		D9AF18AA3024C70B00C39DB7 /* PatternEditorView.swift in Sources */ = {isa = PBXBuildFile; fileRef = D9AF18A93024C70B00C39DB7 /* PatternEditorView.swift */; };
		D9AF18AC3024C71E00C39DB7 /* MenuListView.swift in Sources */ = {isa = PBXBuildFile; fileRef = D9AF18AB3024C71E00C39DB7 /* MenuListView.swift */; };
		D9AF18AE3024C72700C39DB7 /* MenuDetailEditorView.swift in Sources */ = {isa = PBXBuildFile; fileRef = D9AF18AD3024C72700C39DB7 /* MenuDetailEditorView.swift */; };
		D9AF18B03024C73200C39DB7 /* ShoppingListView.swift in Sources */ = {isa = PBXBuildFile; fileRef = D9AF18AF3024C73200C39DB7 /* ShoppingListView.swift */; };
		D9AF18B23024C74300C39DB7 /* DiffIngredientRow.swift in Sources */ = {isa = PBXBuildFile; fileRef = D9AF18B13024C74300C39DB7 /* DiffIngredientRow.swift */; };
		D9AF18B43024C74D00C39DB7 /* StockCheckListView.swift in Sources */ = {isa = PBXBuildFile; fileRef = D9AF18B33024C74D00C39DB7 /* StockCheckListView.swift */; };
		D9AF18B63024C75900C39DB7 /* SettingsView.swift in Sources */ = {isa = PBXBuildFile; fileRef = D9AF18B53024C75900C39DB7 /* SettingsView.swift */; };
		D9AF18B83024C76200C39DB7 /* CloudKitShareView.swift in Sources */ = {isa = PBXBuildFile; fileRef = D9AF18B73024C76200C39DB7 /* CloudKitShareView.swift */; };
		D9AF18BA3024C76C00C39DB7 /* OnboardingView.swift in Sources */ = {isa = PBXBuildFile; fileRef = D9AF18B93024C76C00C39DB7 /* OnboardingView.swift */; };
		D9AF18BE3024C7BB00C39DB7 /* PresetDataService.swift in Sources */ = {isa = PBXBuildFile; fileRef = D9AF18BD3024C7BB00C39DB7 /* PresetDataService.swift */; };
		D9AF18C03024C7C400C39DB7 /* DiffCalculator.swift in Sources */ = {isa = PBXBuildFile; fileRef = D9AF18BF3024C7C400C39DB7 /* DiffCalculator.swift */; };
		D9AF18C23024C7CF00C39DB7 /* CloudKitManager.swift in Sources */ = {isa = PBXBuildFile; fileRef = D9AF18C13024C7CF00C39DB7 /* CloudKitManager.swift */; };
		D9AF18C43024C7EB00C39DB7 /* Localizable.xcstrings in Resources */ = {isa = PBXBuildFile; fileRef = D9AF18C33024C7EB00C39DB7 /* Localizable.xcstrings */; };
		D9AF18C83024C81D00C39DB7 /* KondateTimelineProvider.swift in Sources */ = {isa = PBXBuildFile; fileRef = D9AF18C73024C81D00C39DB7 /* KondateTimelineProvider.swift */; };
		D9AF18C93024C81D00C39DB7 /* KondateTimelineProvider.swift in Sources */ = {isa = PBXBuildFile; fileRef = D9AF18C73024C81D00C39DB7 /* KondateTimelineProvider.swift */; };
		D9AF18CB3024C82800C39DB7 /* TodayKondateWidgetView.swift in Sources */ = {isa = PBXBuildFile; fileRef = D9AF18CA3024C82800C39DB7 /* TodayKondateWidgetView.swift */; };
		D9AF18CC3024C82800C39DB7 /* TodayKondateWidgetView.swift in Sources */ = {isa = PBXBuildFile; fileRef = D9AF18CA3024C82800C39DB7 /* TodayKondateWidgetView.swift */; };
/* End PBXBuildFile section */

/* Begin PBXContainerItemProxy section */
		D9AF18823024C26C00C39DB7 /* PBXContainerItemProxy */ = {
			isa = PBXContainerItemProxy;
			containerPortal = D9AF18533024C05C00C39DB7 /* Project object */;
			proxyType = 1;
			remoteGlobalIDString = D9AF18733024C26B00C39DB7;
			remoteInfo = SmartKondateWidgetExtension;
		};
/* End PBXContainerItemProxy section */

/* Begin PBXCopyFilesBuildPhase section */
		D9AF18893024C26C00C39DB7 /* Embed Foundation Extensions */ = {
			isa = PBXCopyFilesBuildPhase;
			buildActionMask = 2147483647;
			dstPath = "";
			dstSubfolderSpec = 13;
			files = (
				D9AF18843024C26C00C39DB7 /* SmartKondateWidgetExtension.appex in Embed Foundation Extensions */,
			);
			name = "Embed Foundation Extensions";
			runOnlyForDeploymentPostprocessing = 0;
		};
/* End PBXCopyFilesBuildPhase section */

/* Begin PBXFileReference section */
		D9AF185B3024C05C00C39DB7 /* SmartKondate.app */ = {isa = PBXFileReference; explicitFileType = wrapper.application; includeInIndex = 0; path = SmartKondate.app; sourceTree = BUILT_PRODUCTS_DIR; };
		D9AF18693024C0DD00C39DB7 /* Assets.xcassets */ = {isa = PBXFileReference; lastKnownFileType = folder.assetcatalog; path = Assets.xcassets; sourceTree = "<group>"; };
		D9AF186A3024C0DD00C39DB7 /* MainTabView.swift */ = {isa = PBXFileReference; lastKnownFileType = sourcecode.swift; path = MainTabView.swift; sourceTree = "<group>"; };
		D9AF186B3024C0DD00C39DB7 /* SmartKondateApp.swift */ = {isa = PBXFileReference; lastKnownFileType = sourcecode.swift; path = SmartKondateApp.swift; sourceTree = "<group>"; };
		D9AF18743024C26B00C39DB7 /* SmartKondateWidgetExtension.appex */ = {isa = PBXFileReference; explicitFileType = "wrapper.app-extension"; includeInIndex = 0; path = SmartKondateWidgetExtension.appex; sourceTree = BUILT_PRODUCTS_DIR; };
		D9AF18763024C26B00C39DB7 /* WidgetKit.framework */ = {isa = PBXFileReference; lastKnownFileType = wrapper.framework; name = WidgetKit.framework; path = System/Library/Frameworks/WidgetKit.framework; sourceTree = SDKROOT; };
		D9AF18783024C26B00C39DB7 /* SwiftUI.framework */ = {isa = PBXFileReference; lastKnownFileType = wrapper.framework; name = SwiftUI.framework; path = System/Library/Frameworks/SwiftUI.framework; sourceTree = SDKROOT; };
		D9AF188A3024C28800C39DB7 /* Assets.xcassets */ = {isa = PBXFileReference; lastKnownFileType = folder.assetcatalog; path = Assets.xcassets; sourceTree = "<group>"; };
		D9AF188B3024C28800C39DB7 /* Info.plist */ = {isa = PBXFileReference; lastKnownFileType = text.plist.xml; path = Info.plist; sourceTree = "<group>"; };
		D9AF188C3024C28800C39DB7 /* SmartKondateWidget.swift */ = {isa = PBXFileReference; lastKnownFileType = sourcecode.swift; path = SmartKondateWidget.swift; sourceTree = "<group>"; };
		D9AF188D3024C28800C39DB7 /* SmartKondateWidgetBundle.swift */ = {isa = PBXFileReference; lastKnownFileType = sourcecode.swift; path = SmartKondateWidgetBundle.swift; sourceTree = "<group>"; };
		D9AF18933024C2D400C39DB7 /* SmartKondate.entitlements */ = {isa = PBXFileReference; lastKnownFileType = text.plist.entitlements; path = SmartKondate.entitlements; sourceTree = "<group>"; };
		D9AF18943024C31900C39DB7 /* SmartKondateWidgetExtension.entitlements */ = {isa = PBXFileReference; lastKnownFileType = text.plist.entitlements; path = SmartKondateWidgetExtension.entitlements; sourceTree = "<group>"; };
		D9AF18953024C53600C39DB7 /* Info.plist */ = {isa = PBXFileReference; lastKnownFileType = text.plist.xml; path = Info.plist; sourceTree = "<group>"; };
		D9AF18963024C60000C39DB7 /* AppDelegate.swift */ = {isa = PBXFileReference; lastKnownFileType = sourcecode.swift; path = AppDelegate.swift; sourceTree = "<group>"; };
		D9AF18A13024C6DA00C39DB7 /* DashboardView.swift */ = {isa = PBXFileReference; lastKnownFileType = sourcecode.swift; path = DashboardView.swift; sourceTree = "<group>"; };
		D9AF18A33024C6E900C39DB7 /* MealCardView.swift */ = {isa = PBXFileReference; lastKnownFileType = sourcecode.swift; path = MealCardView.swift; sourceTree = "<group>"; };
		D9AF18A53024C6F500C39DB7 /* PatternListView.swift */ = {isa = PBXFileReference; lastKnownFileType = sourcecode.swift; path = PatternListView.swift; sourceTree = "<group>"; };
		D9AF18A73024C70000C39DB7 /* PatternDetailView.swift */ = {isa = PBXFileReference; lastKnownFileType = sourcecode.swift; path = PatternDetailView.swift; sourceTree = "<group>"; };
		D9AF18A93024C70B00C39DB7 /* PatternEditorView.swift */ = {isa = PBXFileReference; lastKnownFileType = sourcecode.swift; path = PatternEditorView.swift; sourceTree = "<group>"; };
		D9AF18AB3024C71E00C39DB7 /* MenuListView.swift */ = {isa = PBXFileReference; lastKnownFileType = sourcecode.swift; path = MenuListView.swift; sourceTree = "<group>"; };
		D9AF18AD3024C72700C39DB7 /* MenuDetailEditorView.swift */ = {isa = PBXFileReference; lastKnownFileType = sourcecode.swift; path = MenuDetailEditorView.swift; sourceTree = "<group>"; };
		D9AF18AF3024C73200C39DB7 /* ShoppingListView.swift */ = {isa = PBXFileReference; lastKnownFileType = sourcecode.swift; path = ShoppingListView.swift; sourceTree = "<group>"; };
		D9AF18B13024C74300C39DB7 /* DiffIngredientRow.swift */ = {isa = PBXFileReference; lastKnownFileType = sourcecode.swift; path = DiffIngredientRow.swift; sourceTree = "<group>"; };
		D9AF18B33024C74D00C39DB7 /* StockCheckListView.swift */ = {isa = PBXFileReference; lastKnownFileType = sourcecode.swift; path = StockCheckListView.swift; sourceTree = "<group>"; };
		D9AF18B53024C75900C39DB7 /* SettingsView.swift */ = {isa = PBXFileReference; lastKnownFileType = sourcecode.swift; path = SettingsView.swift; sourceTree = "<group>"; };
		D9AF18B73024C76200C39DB7 /* CloudKitShareView.swift */ = {isa = PBXFileReference; lastKnownFileType = sourcecode.swift; path = CloudKitShareView.swift; sourceTree = "<group>"; };
		D9AF18B93024C76C00C39DB7 /* OnboardingView.swift */ = {isa = PBXFileReference; lastKnownFileType = sourcecode.swift; path = OnboardingView.swift; sourceTree = "<group>"; };
		D9AF18BD3024C7BB00C39DB7 /* PresetDataService.swift */ = {isa = PBXFileReference; lastKnownFileType = sourcecode.swift; path = PresetDataService.swift; sourceTree = "<group>"; };
		D9AF18BF3024C7C400C39DB7 /* DiffCalculator.swift */ = {isa = PBXFileReference; lastKnownFileType = sourcecode.swift; path = DiffCalculator.swift; sourceTree = "<group>"; };
		D9AF18C13024C7CF00C39DB7 /* CloudKitManager.swift */ = {isa = PBXFileReference; lastKnownFileType = sourcecode.swift; path = CloudKitManager.swift; sourceTree = "<group>"; };
		D9AF18C33024C7EB00C39DB7 /* Localizable.xcstrings */ = {isa = PBXFileReference; lastKnownFileType = text.json.xcstrings; path = Localizable.xcstrings; sourceTree = "<group>"; };
		D9AF18C73024C81D00C39DB7 /* KondateTimelineProvider.swift */ = {isa = PBXFileReference; lastKnownFileType = sourcecode.swift; path = KondateTimelineProvider.swift; sourceTree = "<group>"; };
		D9AF18CA3024C82800C39DB7 /* TodayKondateWidgetView.swift */ = {isa = PBXFileReference; lastKnownFileType = sourcecode.swift; path = TodayKondateWidgetView.swift; sourceTree = "<group>"; };
/* End PBXFileReference section */

/* Begin PBXFrameworksBuildPhase section */
		D9AF18583024C05C00C39DB7 /* Frameworks */ = {
			isa = PBXFrameworksBuildPhase;
			buildActionMask = 2147483647;
			files = (
			);
			runOnlyForDeploymentPostprocessing = 0;
		};
		D9AF18713024C26B00C39DB7 /* Frameworks */ = {
			isa = PBXFrameworksBuildPhase;
			buildActionMask = 2147483647;
			files = (
				D9AF18793024C26B00C39DB7 /* SwiftUI.framework in Frameworks */,
				D9AF18773024C26B00C39DB7 /* WidgetKit.framework in Frameworks */,
			);
			runOnlyForDeploymentPostprocessing = 0;
		};
/* End PBXFrameworksBuildPhase section */

/* Begin PBXGroup section */
		D9AF18523024C05C00C39DB7 = {
			isa = PBXGroup;
			children = (
				D9AF18943024C31900C39DB7 /* SmartKondateWidgetExtension.entitlements */,
				D9AF186C3024C0DD00C39DB7 /* SmartKondate */,
				D9AF188E3024C28800C39DB7 /* SmartKondateWidget */,
				D9AF18753024C26B00C39DB7 /* Frameworks */,
				D9AF185C3024C05C00C39DB7 /* Products */,
			);
			sourceTree = "<group>";
		};
		D9AF185C3024C05C00C39DB7 /* Products */ = {
			isa = PBXGroup;
			children = (
				D9AF185B3024C05C00C39DB7 /* SmartKondate.app */,
				D9AF18743024C26B00C39DB7 /* SmartKondateWidgetExtension.appex */,
			);
			name = Products;
			sourceTree = "<group>";
		};
		D9AF186C3024C0DD00C39DB7 /* SmartKondate */ = {
			isa = PBXGroup;
			children = (
				D9AF186B3024C0DD00C39DB7 /* SmartKondateApp.swift */,
				D9AF18963024C60000C39DB7 /* AppDelegate.swift */,
				D9AF18983024C60900C39DB7 /* Models */,
				D9AF189B3024C64800C39DB7 /* Views */,
				D9AF18BB3024C77F00C39DB7 /* Services */,
				D9AF18BC3024C78700C39DB7 /* Resources */,
				D9AF18953024C53600C39DB7 /* Info.plist */,
				D9AF18933024C2D400C39DB7 /* SmartKondate.entitlements */,
			);
			path = SmartKondate;
			sourceTree = "<group>";
		};
		D9AF18753024C26B00C39DB7 /* Frameworks */ = {
			isa = PBXGroup;
			children = (
				D9AF18763024C26B00C39DB7 /* WidgetKit.framework */,
				D9AF18783024C26B00C39DB7 /* SwiftUI.framework */,
			);
			name = Frameworks;
			sourceTree = "<group>";
		};
		D9AF188E3024C28800C39DB7 /* SmartKondateWidget */ = {
			isa = PBXGroup;
			children = (
				D9AF188D3024C28800C39DB7 /* SmartKondateWidgetBundle.swift */,
				D9AF188C3024C28800C39DB7 /* SmartKondateWidget.swift */,
				D9AF18C53024C7FE00C39DB7 /* Provider */,
				D9AF18C63024C80700C39DB7 /* Views */,
				D9AF188A3024C28800C39DB7 /* Assets.xcassets */,
				D9AF188B3024C28800C39DB7 /* Info.plist */,
			);
			path = SmartKondateWidget;
			sourceTree = "<group>";
		};
		D9AF18983024C60900C39DB7 /* Models */ = {
			isa = PBXGroup;
			children = (
			);
			path = Models;
			sourceTree = "<group>";
		};
		D9AF18993024C62D00C39DB7 /* Dashboard */ = {
			isa = PBXGroup;
			children = (
				D9AF18A13024C6DA00C39DB7 /* DashboardView.swift */,
				D9AF18A33024C6E900C39DB7 /* MealCardView.swift */,
			);
			path = Dashboard;
			sourceTree = "<group>";
		};
		D9AF189A3024C63900C39DB7 /* Patterns */ = {
			isa = PBXGroup;
			children = (
				D9AF18A53024C6F500C39DB7 /* PatternListView.swift */,
				D9AF18A73024C70000C39DB7 /* PatternDetailView.swift */,
				D9AF18A93024C70B00C39DB7 /* PatternEditorView.swift */,
			);
			path = Patterns;
			sourceTree = "<group>";
		};
		D9AF189B3024C64800C39DB7 /* Views */ = {
			isa = PBXGroup;
			children = (
				D9AF186A3024C0DD00C39DB7 /* MainTabView.swift */,
				D9AF18993024C62D00C39DB7 /* Dashboard */,
				D9AF189A3024C63900C39DB7 /* Patterns */,
				D9AF189C3024C66800C39DB7 /* Menus */,
				D9AF189D3024C67D00C39DB7 /* ShoppingList */,
				D9AF189E3024C68D00C39DB7 /* StockList */,
				D9AF189F3024C69600C39DB7 /* Settings */,
				D9AF18A03024C69F00C39DB7 /* Onboarding */,
			);
			path = Views;
			sourceTree = "<group>";
		};
		D9AF189C3024C66800C39DB7 /* Menus */ = {
			isa = PBXGroup;
			children = (
				D9AF18AB3024C71E00C39DB7 /* MenuListView.swift */,
				D9AF18AD3024C72700C39DB7 /* MenuDetailEditorView.swift */,
			);
			path = Menus;
			sourceTree = "<group>";
		};
		D9AF189D3024C67D00C39DB7 /* ShoppingList */ = {
			isa = PBXGroup;
			children = (
				D9AF18AF3024C73200C39DB7 /* ShoppingListView.swift */,
				D9AF18B13024C74300C39DB7 /* DiffIngredientRow.swift */,
			);
			path = ShoppingList;
			sourceTree = "<group>";
		};
		D9AF189E3024C68D00C39DB7 /* StockList */ = {
			isa = PBXGroup;
			children = (
				D9AF18B33024C74D00C39DB7 /* StockCheckListView.swift */,
			);
			path = StockList;
			sourceTree = "<group>";
		};
		D9AF189F3024C69600C39DB7 /* Settings */ = {
			isa = PBXGroup;
			children = (
				D9AF18B53024C75900C39DB7 /* SettingsView.swift */,
				D9AF18B73024C76200C39DB7 /* CloudKitShareView.swift */,
			);
			path = Settings;
			sourceTree = "<group>";
		};
		D9AF18A03024C69F00C39DB7 /* Onboarding */ = {
			isa = PBXGroup;
			children = (
				D9AF18B93024C76C00C39DB7 /* OnboardingView.swift */,
			);
			path = Onboarding;
			sourceTree = "<group>";
		};
		D9AF18BB3024C77F00C39DB7 /* Services */ = {
			isa = PBXGroup;
			children = (
				D9AF18BD3024C7BB00C39DB7 /* PresetDataService.swift */,
				D9AF18BF3024C7C400C39DB7 /* DiffCalculator.swift */,
				D9AF18C13024C7CF00C39DB7 /* CloudKitManager.swift */,
			);
			path = Services;
			sourceTree = "<group>";
		};
		D9AF18BC3024C78700C39DB7 /* Resources */ = {
			isa = PBXGroup;
			children = (
				D9AF18693024C0DD00C39DB7 /* Assets.xcassets */,
				D9AF18C33024C7EB00C39DB7 /* Localizable.xcstrings */,
			);
			path = Resources;
			sourceTree = "<group>";
		};
		D9AF18C53024C7FE00C39DB7 /* Provider */ = {
			isa = PBXGroup;
			children = (
				D9AF18C73024C81D00C39DB7 /* KondateTimelineProvider.swift */,
			);
			path = Provider;
			sourceTree = "<group>";
		};
		D9AF18C63024C80700C39DB7 /* Views */ = {
			isa = PBXGroup;
			children = (
				D9AF18CA3024C82800C39DB7 /* TodayKondateWidgetView.swift */,
			);
			path = Views;
			sourceTree = "<group>";
		};
/* End PBXGroup section */

/* Begin PBXNativeTarget section */
		D9AF185A3024C05C00C39DB7 /* SmartKondate */ = {
			isa = PBXNativeTarget;
			buildConfigurationList = D9AF18663024C05D00C39DB7 /* Build configuration list for PBXNativeTarget "SmartKondate" */;
			buildPhases = (
				D9AF18573024C05C00C39DB7 /* Sources */,
				D9AF18583024C05C00C39DB7 /* Frameworks */,
				D9AF18593024C05C00C39DB7 /* Resources */,
				D9AF18893024C26C00C39DB7 /* Embed Foundation Extensions */,
			);
			buildRules = (
			);
			dependencies = (
				D9AF18833024C26C00C39DB7 /* PBXTargetDependency */,
			);
			name = SmartKondate;
			packageProductDependencies = (
			);
			productName = SmartKondate;
			productReference = D9AF185B3024C05C00C39DB7 /* SmartKondate.app */;
			productType = "com.apple.product-type.application";
		};
		D9AF18733024C26B00C39DB7 /* SmartKondateWidgetExtension */ = {
			isa = PBXNativeTarget;
			buildConfigurationList = D9AF18863024C26C00C39DB7 /* Build configuration list for PBXNativeTarget "SmartKondateWidgetExtension" */;
			buildPhases = (
				D9AF18703024C26B00C39DB7 /* Sources */,
				D9AF18713024C26B00C39DB7 /* Frameworks */,
				D9AF18723024C26B00C39DB7 /* Resources */,
			);
			buildRules = (
			);
			dependencies = (
			);
			name = SmartKondateWidgetExtension;
			packageProductDependencies = (
			);
			productName = SmartKondateWidgetExtension;
			productReference = D9AF18743024C26B00C39DB7 /* SmartKondateWidgetExtension.appex */;
			productType = "com.apple.product-type.app-extension";
		};
/* End PBXNativeTarget section */

/* Begin PBXProject section */
		D9AF18533024C05C00C39DB7 /* Project object */ = {
			isa = PBXProject;
			attributes = {
				BuildIndependentTargetsInParallel = 1;
				LastSwiftUpdateCheck = 2650;
				LastUpgradeCheck = 2650;
				TargetAttributes = {
					D9AF185A3024C05C00C39DB7 = {
						CreatedOnToolsVersion = 26.5;
					};
					D9AF18733024C26B00C39DB7 = {
						CreatedOnToolsVersion = 26.5;
					};
				};
			};
			buildConfigurationList = D9AF18563024C05C00C39DB7 /* Build configuration list for PBXProject "SmartKondate" */;
			developmentRegion = en;
			hasScannedForEncodings = 0;
			knownRegions = (
				en,
				Base,
			);
			mainGroup = D9AF18523024C05C00C39DB7;
			minimizedProjectReferenceProxies = 1;
			preferredProjectObjectVersion = 77;
			productRefGroup = D9AF185C3024C05C00C39DB7 /* Products */;
			projectDirPath = "";
			projectRoot = "";
			targets = (
				D9AF185A3024C05C00C39DB7 /* SmartKondate */,
				D9AF18733024C26B00C39DB7 /* SmartKondateWidgetExtension */,
			);
		};
/* End PBXProject section */

/* Begin PBXResourcesBuildPhase section */
		D9AF18593024C05C00C39DB7 /* Resources */ = {
			isa = PBXResourcesBuildPhase;
			buildActionMask = 2147483647;
			files = (
				D9AF18C43024C7EB00C39DB7 /* Localizable.xcstrings in Resources */,
				D9AF186F3024C0DD00C39DB7 /* Assets.xcassets in Resources */,
			);
			runOnlyForDeploymentPostprocessing = 0;
		};
		D9AF18723024C26B00C39DB7 /* Resources */ = {
			isa = PBXResourcesBuildPhase;
			buildActionMask = 2147483647;
			files = (
				D9AF18913024C28800C39DB7 /* Assets.xcassets in Resources */,
			);
			runOnlyForDeploymentPostprocessing = 0;
		};
/* End PBXResourcesBuildPhase section */

/* Begin PBXSourcesBuildPhase section */
		D9AF18573024C05C00C39DB7 /* Sources */ = {
			isa = PBXSourcesBuildPhase;
			buildActionMask = 2147483647;
			files = (
				D9AF18AC3024C71E00C39DB7 /* MenuListView.swift in Sources */,
				D9AF18B03024C73200C39DB7 /* ShoppingListView.swift in Sources */,
				D9AF18973024C60000C39DB7 /* AppDelegate.swift in Sources */,
				D9AF18A83024C70000C39DB7 /* PatternDetailView.swift in Sources */,
				D9AF18C93024C81D00C39DB7 /* KondateTimelineProvider.swift in Sources */,
				D9AF18B23024C74300C39DB7 /* DiffIngredientRow.swift in Sources */,
				D9AF18AA3024C70B00C39DB7 /* PatternEditorView.swift in Sources */,
				D9AF18CC3024C82800C39DB7 /* TodayKondateWidgetView.swift in Sources */,
				D9AF18A23024C6DA00C39DB7 /* DashboardView.swift in Sources */,
				D9AF18B63024C75900C39DB7 /* SettingsView.swift in Sources */,
				D9AF18C23024C7CF00C39DB7 /* CloudKitManager.swift in Sources */,
				D9AF18B83024C76200C39DB7 /* CloudKitShareView.swift in Sources */,
				D9AF18BE3024C7BB00C39DB7 /* PresetDataService.swift in Sources */,
				D9AF18B43024C74D00C39DB7 /* StockCheckListView.swift in Sources */,
				D9AF18A43024C6E900C39DB7 /* MealCardView.swift in Sources */,
				D9AF18C03024C7C400C39DB7 /* DiffCalculator.swift in Sources */,
				D9AF18A63024C6F500C39DB7 /* PatternListView.swift in Sources */,
				D9AF186D3024C0DD00C39DB7 /* MainTabView.swift in Sources */,
				D9AF18BA3024C76C00C39DB7 /* OnboardingView.swift in Sources */,
				D9AF186E3024C0DD00C39DB7 /* SmartKondateApp.swift in Sources */,
				D9AF18AE3024C72700C39DB7 /* MenuDetailEditorView.swift in Sources */,
			);
			runOnlyForDeploymentPostprocessing = 0;
		};
		D9AF18703024C26B00C39DB7 /* Sources */ = {
			isa = PBXSourcesBuildPhase;
			buildActionMask = 2147483647;
			files = (
				D9AF188F3024C28800C39DB7 /* SmartKondateWidget.swift in Sources */,
				D9AF18CB3024C82800C39DB7 /* TodayKondateWidgetView.swift in Sources */,
				D9AF18C83024C81D00C39DB7 /* KondateTimelineProvider.swift in Sources */,
				D9AF18903024C28800C39DB7 /* SmartKondateWidgetBundle.swift in Sources */,
			);
			runOnlyForDeploymentPostprocessing = 0;
		};
/* End PBXSourcesBuildPhase section */

/* Begin PBXTargetDependency section */
		D9AF18833024C26C00C39DB7 /* PBXTargetDependency */ = {
			isa = PBXTargetDependency;
			target = D9AF18733024C26B00C39DB7 /* SmartKondateWidgetExtension */;
			targetProxy = D9AF18823024C26C00C39DB7 /* PBXContainerItemProxy */;
		};
/* End PBXTargetDependency section */

/* Begin XCBuildConfiguration section */
		D9AF18643024C05D00C39DB7 /* Debug */ = {
			isa = XCBuildConfiguration;
			buildSettings = {
				ALWAYS_SEARCH_USER_PATHS = NO;
				ASSETCATALOG_COMPILER_GENERATE_SWIFT_ASSET_SYMBOL_EXTENSIONS = YES;
				CLANG_ANALYZER_NONNULL = YES;
				CLANG_ANALYZER_NUMBER_OBJECT_CONVERSION = YES_AGGRESSIVE;
				CLANG_CXX_LANGUAGE_STANDARD = "gnu++20";
				CLANG_ENABLE_MODULES = YES;
				CLANG_ENABLE_OBJC_ARC = YES;
				CLANG_ENABLE_OBJC_WEAK = YES;
				CLANG_WARN_BLOCK_CAPTURE_AUTORELEASING = YES;
				CLANG_WARN_BOOL_CONVERSION = YES;
				CLANG_WARN_COMMA = YES;
				CLANG_WARN_CONSTANT_CONVERSION = YES;
				CLANG_WARN_DEPRECATED_OBJC_IMPLEMENTATIONS = YES;
				CLANG_WARN_DIRECT_OBJC_ISA_USAGE = YES_ERROR;
				CLANG_WARN_DOCUMENTATION_COMMENTS = YES;
				CLANG_WARN_EMPTY_BODY = YES;
				CLANG_WARN_ENUM_CONVERSION = YES;
				CLANG_WARN_INFINITE_RECURSION = YES;
				CLANG_WARN_INT_CONVERSION = YES;
				CLANG_WARN_NON_LITERAL_NULL_CONVERSION = YES;
				CLANG_WARN_OBJC_IMPLICIT_RETAIN_SELF = YES;
				CLANG_WARN_OBJC_LITERAL_CONVERSION = YES;
				CLANG_WARN_OBJC_ROOT_CLASS = YES_ERROR;
				CLANG_WARN_QUOTED_INCLUDE_IN_FRAMEWORK_HEADER = YES;
				CLANG_WARN_RANGE_LOOP_ANALYSIS = YES;
				CLANG_WARN_STRICT_PROTOTYPES = YES;
				CLANG_WARN_SUSPICIOUS_MOVE = YES;
				CLANG_WARN_UNGUARDED_AVAILABILITY = YES_AGGRESSIVE;
				CLANG_WARN_UNREACHABLE_CODE = YES;
				CLANG_WARN__DUPLICATE_METHOD_MATCH = YES;
				COPY_PHASE_STRIP = NO;
				DEBUG_INFORMATION_FORMAT = dwarf;
				DEVELOPMENT_TEAM = D86GFNUD35;
				ENABLE_STRICT_OBJC_MSGSEND = YES;
				ENABLE_TESTABILITY = YES;
				ENABLE_USER_SCRIPT_SANDBOXING = YES;
				GCC_C_LANGUAGE_STANDARD = gnu17;
				GCC_DYNAMIC_NO_PIC = NO;
				GCC_NO_COMMON_BLOCKS = YES;
				GCC_OPTIMIZATION_LEVEL = 0;
				GCC_PREPROCESSOR_DEFINITIONS = (
					"DEBUG=1",
					"$(inherited)",
				);
				GCC_WARN_64_TO_32_BIT_CONVERSION = YES;
				GCC_WARN_ABOUT_RETURN_TYPE = YES_ERROR;
				GCC_WARN_UNDECLARED_SELECTOR = YES;
				GCC_WARN_UNINITIALIZED_AUTOS = YES_AGGRESSIVE;
				GCC_WARN_UNUSED_FUNCTION = YES;
				GCC_WARN_UNUSED_VARIABLE = YES;
				IPHONEOS_DEPLOYMENT_TARGET = 26.5;
				LOCALIZATION_PREFERS_STRING_CATALOGS = YES;
				MTL_ENABLE_DEBUG_INFO = INCLUDE_SOURCE;
				MTL_FAST_MATH = YES;
				ONLY_ACTIVE_ARCH = YES;
				SDKROOT = iphoneos;
				SWIFT_ACTIVE_COMPILATION_CONDITIONS = "DEBUG $(inherited)";
				SWIFT_EMIT_LOC_STRINGS = YES;
				SWIFT_OPTIMIZATION_LEVEL = "-Onone";
			};
			name = Debug;
		};
		D9AF18653024C05D00C39DB7 /* Release */ = {
			isa = XCBuildConfiguration;
			buildSettings = {
				ALWAYS_SEARCH_USER_PATHS = NO;
				ASSETCATALOG_COMPILER_GENERATE_SWIFT_ASSET_SYMBOL_EXTENSIONS = YES;
				CLANG_ANALYZER_NONNULL = YES;
				CLANG_ANALYZER_NUMBER_OBJECT_CONVERSION = YES_AGGRESSIVE;
				CLANG_CXX_LANGUAGE_STANDARD = "gnu++20";
				CLANG_ENABLE_MODULES = YES;
				CLANG_ENABLE_OBJC_ARC = YES;
				CLANG_ENABLE_OBJC_WEAK = YES;
				CLANG_WARN_BLOCK_CAPTURE_AUTORELEASING = YES;
				CLANG_WARN_BOOL_CONVERSION = YES;
				CLANG_WARN_COMMA = YES;
				CLANG_WARN_CONSTANT_CONVERSION = YES;
				CLANG_WARN_DEPRECATED_OBJC_IMPLEMENTATIONS = YES;
				CLANG_WARN_DIRECT_OBJC_ISA_USAGE = YES_ERROR;
				CLANG_WARN_DOCUMENTATION_COMMENTS = YES;
				CLANG_WARN_EMPTY_BODY = YES;
				CLANG_WARN_ENUM_CONVERSION = YES;
				CLANG_WARN_INFINITE_RECURSION = YES;
				CLANG_WARN_INT_CONVERSION = YES;
				CLANG_WARN_NON_LITERAL_NULL_CONVERSION = YES;
				CLANG_WARN_OBJC_IMPLICIT_RETAIN_SELF = YES;
				CLANG_WARN_OBJC_LITERAL_CONVERSION = YES;
				CLANG_WARN_OBJC_ROOT_CLASS = YES_ERROR;
				CLANG_WARN_QUOTED_INCLUDE_IN_FRAMEWORK_HEADER = YES;
				CLANG_WARN_RANGE_LOOP_ANALYSIS = YES;
				CLANG_WARN_STRICT_PROTOTYPES = YES;
				CLANG_WARN_SUSPICIOUS_MOVE = YES;
				CLANG_WARN_UNGUARDED_AVAILABILITY = YES_AGGRESSIVE;
				CLANG_WARN_UNREACHABLE_CODE = YES;
				CLANG_WARN__DUPLICATE_METHOD_MATCH = YES;
				COPY_PHASE_STRIP = NO;
				DEBUG_INFORMATION_FORMAT = "dwarf-with-dsym";
				DEVELOPMENT_TEAM = D86GFNUD35;
				ENABLE_NS_ASSERTIONS = NO;
				ENABLE_STRICT_OBJC_MSGSEND = YES;
				ENABLE_USER_SCRIPT_SANDBOXING = YES;
				GCC_C_LANGUAGE_STANDARD = gnu17;
				GCC_NO_COMMON_BLOCKS = YES;
				GCC_WARN_64_TO_32_BIT_CONVERSION = YES;
				GCC_WARN_ABOUT_RETURN_TYPE = YES_ERROR;
				GCC_WARN_UNDECLARED_SELECTOR = YES;
				GCC_WARN_UNINITIALIZED_AUTOS = YES_AGGRESSIVE;
				GCC_WARN_UNUSED_FUNCTION = YES;
				GCC_WARN_UNUSED_VARIABLE = YES;
				IPHONEOS_DEPLOYMENT_TARGET = 26.5;
				LOCALIZATION_PREFERS_STRING_CATALOGS = YES;
				MTL_ENABLE_DEBUG_INFO = NO;
				MTL_FAST_MATH = YES;
				SDKROOT = iphoneos;
				SWIFT_COMPILATION_MODE = wholemodule;
				SWIFT_EMIT_LOC_STRINGS = YES;
				VALIDATE_PRODUCT = YES;
			};
			name = Release;
		};
		D9AF18673024C05D00C39DB7 /* Debug */ = {
			isa = XCBuildConfiguration;
			buildSettings = {
				ASSETCATALOG_COMPILER_APPICON_NAME = AppIcon;
				ASSETCATALOG_COMPILER_GLOBAL_ACCENT_COLOR_NAME = AccentColor;
				CODE_SIGN_ENTITLEMENTS = SmartKondate/SmartKondate.entitlements;
				CODE_SIGN_STYLE = Automatic;
				CURRENT_PROJECT_VERSION = 1;
				DEVELOPMENT_TEAM = D86GFNUD35;
				ENABLE_PREVIEWS = YES;
				GENERATE_INFOPLIST_FILE = YES;
				INFOPLIST_FILE = SmartKondate/Info.plist;
				INFOPLIST_KEY_CFBundleDisplayName = SmartKondate;
				INFOPLIST_KEY_LSApplicationCategoryType = "public.app-category.productivity";
				INFOPLIST_KEY_UIApplicationSceneManifest_Generation = YES;
				INFOPLIST_KEY_UIApplicationSupportsIndirectInputEvents = YES;
				INFOPLIST_KEY_UILaunchScreen_Generation = YES;
				INFOPLIST_KEY_UISupportedInterfaceOrientations = UIInterfaceOrientationPortrait;
				INFOPLIST_KEY_UISupportedInterfaceOrientations_iPad = "UIInterfaceOrientationLandscapeLeft UIInterfaceOrientationLandscapeRight UIInterfaceOrientationPortrait UIInterfaceOrientationPortraitUpsideDown";
				IPHONEOS_DEPLOYMENT_TARGET = 17.0;
				LD_RUNPATH_SEARCH_PATHS = (
					"$(inherited)",
					"@executable_path/Frameworks",
				);
				MARKETING_VERSION = 1.0;
				PRODUCT_BUNDLE_IDENTIFIER = com.suzuki.kenichiro.SmartKondate;
				PRODUCT_NAME = "$(TARGET_NAME)";
				STRING_CATALOG_GENERATE_SYMBOLS = YES;
				SUPPORTED_PLATFORMS = "iphoneos iphonesimulator";
				SUPPORTS_MACCATALYST = NO;
				SUPPORTS_MAC_DESIGNED_FOR_IPHONE_IPAD = NO;
				SUPPORTS_XR_DESIGNED_FOR_IPHONE_IPAD = NO;
				SWIFT_APPROACHABLE_CONCURRENCY = YES;
				SWIFT_DEFAULT_ACTOR_ISOLATION = MainActor;
				SWIFT_EMIT_LOC_STRINGS = YES;
				SWIFT_UPCOMING_FEATURE_MEMBER_IMPORT_VISIBILITY = YES;
				SWIFT_VERSION = 5.0;
				TARGETED_DEVICE_FAMILY = 1;
			};
			name = Debug;
		};
		D9AF18683024C05D00C39DB7 /* Release */ = {
			isa = XCBuildConfiguration;
			buildSettings = {
				ASSETCATALOG_COMPILER_APPICON_NAME = AppIcon;
				ASSETCATALOG_COMPILER_GLOBAL_ACCENT_COLOR_NAME = AccentColor;
				CODE_SIGN_ENTITLEMENTS = SmartKondate/SmartKondate.entitlements;
				CODE_SIGN_STYLE = Automatic;
				CURRENT_PROJECT_VERSION = 1;
				DEVELOPMENT_TEAM = D86GFNUD35;
				ENABLE_PREVIEWS = YES;
				GENERATE_INFOPLIST_FILE = YES;
				INFOPLIST_FILE = SmartKondate/Info.plist;
				INFOPLIST_KEY_CFBundleDisplayName = SmartKondate;
				INFOPLIST_KEY_LSApplicationCategoryType = "public.app-category.productivity";
				INFOPLIST_KEY_UIApplicationSceneManifest_Generation = YES;
				INFOPLIST_KEY_UIApplicationSupportsIndirectInputEvents = YES;
				INFOPLIST_KEY_UILaunchScreen_Generation = YES;
				INFOPLIST_KEY_UISupportedInterfaceOrientations = UIInterfaceOrientationPortrait;
				INFOPLIST_KEY_UISupportedInterfaceOrientations_iPad = "UIInterfaceOrientationLandscapeLeft UIInterfaceOrientationLandscapeRight UIInterfaceOrientationPortrait UIInterfaceOrientationPortraitUpsideDown";
				IPHONEOS_DEPLOYMENT_TARGET = 17.0;
				LD_RUNPATH_SEARCH_PATHS = (
					"$(inherited)",
					"@executable_path/Frameworks",
				);
				MARKETING_VERSION = 1.0;
				PRODUCT_BUNDLE_IDENTIFIER = com.suzuki.kenichiro.SmartKondate;
				PRODUCT_NAME = "$(TARGET_NAME)";
				STRING_CATALOG_GENERATE_SYMBOLS = YES;
				SUPPORTED_PLATFORMS = "iphoneos iphonesimulator";
				SUPPORTS_MACCATALYST = NO;
				SUPPORTS_MAC_DESIGNED_FOR_IPHONE_IPAD = NO;
				SUPPORTS_XR_DESIGNED_FOR_IPHONE_IPAD = NO;
				SWIFT_APPROACHABLE_CONCURRENCY = YES;
				SWIFT_DEFAULT_ACTOR_ISOLATION = MainActor;
				SWIFT_EMIT_LOC_STRINGS = YES;
				SWIFT_UPCOMING_FEATURE_MEMBER_IMPORT_VISIBILITY = YES;
				SWIFT_VERSION = 5.0;
				TARGETED_DEVICE_FAMILY = 1;
			};
			name = Release;
		};
		D9AF18873024C26C00C39DB7 /* Debug */ = {
			isa = XCBuildConfiguration;
			buildSettings = {
				ASSETCATALOG_COMPILER_GLOBAL_ACCENT_COLOR_NAME = AccentColor;
				ASSETCATALOG_COMPILER_WIDGET_BACKGROUND_COLOR_NAME = WidgetBackground;
				CODE_SIGN_ENTITLEMENTS = SmartKondateWidgetExtension.entitlements;
				CODE_SIGN_STYLE = Automatic;
				CURRENT_PROJECT_VERSION = 1;
				DEVELOPMENT_TEAM = D86GFNUD35;
				GENERATE_INFOPLIST_FILE = YES;
				INFOPLIST_FILE = SmartKondateWidget/Info.plist;
				INFOPLIST_KEY_CFBundleDisplayName = SmartKondateWidget;
				INFOPLIST_KEY_NSHumanReadableCopyright = "";
				LD_RUNPATH_SEARCH_PATHS = (
					"$(inherited)",
					"@executable_path/Frameworks",
					"@executable_path/../../Frameworks",
				);
				MARKETING_VERSION = 1.0;
				PRODUCT_BUNDLE_IDENTIFIER = com.suzuki.kenichiro.SmartKondate.SmartKondateWidget;
				PRODUCT_NAME = "$(TARGET_NAME)";
				SKIP_INSTALL = YES;
				STRING_CATALOG_GENERATE_SYMBOLS = YES;
				SWIFT_APPROACHABLE_CONCURRENCY = YES;
				SWIFT_EMIT_LOC_STRINGS = YES;
				SWIFT_UPCOMING_FEATURE_MEMBER_IMPORT_VISIBILITY = YES;
				SWIFT_VERSION = 5.0;
				TARGETED_DEVICE_FAMILY = "1,2";
			};
			name = Debug;
		};
		D9AF18883024C26C00C39DB7 /* Release */ = {
			isa = XCBuildConfiguration;
			buildSettings = {
				ASSETCATALOG_COMPILER_GLOBAL_ACCENT_COLOR_NAME = AccentColor;
				ASSETCATALOG_COMPILER_WIDGET_BACKGROUND_COLOR_NAME = WidgetBackground;
				CODE_SIGN_ENTITLEMENTS = SmartKondateWidgetExtension.entitlements;
				CODE_SIGN_STYLE = Automatic;
				CURRENT_PROJECT_VERSION = 1;
				DEVELOPMENT_TEAM = D86GFNUD35;
				GENERATE_INFOPLIST_FILE = YES;
				INFOPLIST_FILE = SmartKondateWidget/Info.plist;
				INFOPLIST_KEY_CFBundleDisplayName = SmartKondateWidget;
				INFOPLIST_KEY_NSHumanReadableCopyright = "";
				LD_RUNPATH_SEARCH_PATHS = (
					"$(inherited)",
					"@executable_path/Frameworks",
					"@executable_path/../../Frameworks",
				);
				MARKETING_VERSION = 1.0;
				PRODUCT_BUNDLE_IDENTIFIER = com.suzuki.kenichiro.SmartKondate.SmartKondateWidget;
				PRODUCT_NAME = "$(TARGET_NAME)";
				SKIP_INSTALL = YES;
				STRING_CATALOG_GENERATE_SYMBOLS = YES;
				SWIFT_APPROACHABLE_CONCURRENCY = YES;
				SWIFT_EMIT_LOC_STRINGS = YES;
				SWIFT_UPCOMING_FEATURE_MEMBER_IMPORT_VISIBILITY = YES;
				SWIFT_VERSION = 5.0;
				TARGETED_DEVICE_FAMILY = "1,2";
			};
			name = Release;
		};
/* End XCBuildConfiguration section */

/* Begin XCConfigurationList section */
		D9AF18563024C05C00C39DB7 /* Build configuration list for PBXProject "SmartKondate" */ = {
			isa = XCConfigurationList;
			buildConfigurations = (
				D9AF18643024C05D00C39DB7 /* Debug */,
				D9AF18653024C05D00C39DB7 /* Release */,
			);
			defaultConfigurationIsVisible = 0;
			defaultConfigurationName = Release;
		};
		D9AF18663024C05D00C39DB7 /* Build configuration list for PBXNativeTarget "SmartKondate" */ = {
			isa = XCConfigurationList;
			buildConfigurations = (
				D9AF18673024C05D00C39DB7 /* Debug */,
				D9AF18683024C05D00C39DB7 /* Release */,
			);
			defaultConfigurationIsVisible = 0;
			defaultConfigurationName = Release;
		};
		D9AF18863024C26C00C39DB7 /* Build configuration list for PBXNativeTarget "SmartKondateWidgetExtension" */ = {
			isa = XCConfigurationList;
			buildConfigurations = (
				D9AF18873024C26C00C39DB7 /* Debug */,
				D9AF18883024C26C00C39DB7 /* Release */,
			);
			defaultConfigurationIsVisible = 0;
			defaultConfigurationName = Release;
		};
/* End XCConfigurationList section */
	};
	rootObject = D9AF18533024C05C00C39DB7 /* Project object */;
}
